
Microsoft Visual Studio Solution File, Format Version 12.00
# Visual Studio 15
VisualStudioVersion = 15.0.27703.2035
MinimumVisualStudioVersion = 10.0.40219.1
Project("{FAE04EC0-301F-11D3-BF4B-00C04F79EFBC}") = "U3-1", "U3-1\U3-1.csproj", "{9E851671-4167-45A3-A8A4-92081ECE4AC0}"
EndProject
Global
	GlobalSection(SolutionConfigurationPlatforms) = preSolution
		Debug|Any CPU = Debug|Any CPU
		Release|Any CPU = Release|Any CPU
	EndGlobalSection
	GlobalSection(ProjectConfigurationPlatforms) = postSolution
		{9E851671-4167-45A3-A8A4-92081ECE4AC0}.Debug|Any CPU.ActiveCfg = Debug|Any CPU
		{9E851671-4167-45A3-A8A4-92081ECE4AC0}.Debug|Any CPU.Build.0 = Debug|Any CPU
		{9E851671-4167-45A3-A8A4-92081ECE4AC0}.Release|Any CPU.ActiveCfg = Release|Any CPU
		{9E851671-4167-45A3-A8A4-92081ECE4AC0}.Release|Any CPU.Build.0 = Release|Any CPU
	EndGlobalSection
	GlobalSection(SolutionProperties) = preSolution
		HideSolutionNode = FALSE
	EndGlobalSection
	GlobalSection(ExtensibilityGlobals) = postSolution
		SolutionGuid = {47EB1EF4-F7CC-4D53-A619-A95B84C886FA}
	EndGlobalSection
EndGlobal
